# THIS IS AN AUTOGENERATED FILE. DO NOT EDIT THIS FILE DIRECTLY.
# yarn lockfile v1


ajv@^4.9.1:
  version "4.11.8"
  resolved "https://repo.corp.qunar.com/artifactory/api/npm/npm-qunar/ajv/-/ajv-4.11.8.tgz#82ffb02b29e662ae53bdc20af15947706739c536"
  dependencies:
    co "^4.6.0"
    json-stable-stringify "^1.0.1"

ambi@^2.2.0, ambi@^2.5.0:
  version "2.5.0"
  resolved "http://registry.npm.corp.qunar.com/ambi/download/ambi-2.5.0.tgz#7c8e372be48891157e7cea01cb6f9143d1f74220"
  dependencies:
    editions "^1.1.1"
    typechecker "^4.3.0"

asn1@~0.2.3:
  version "0.2.3"
  resolved "https://repo.corp.qunar.com/artifactory/api/npm/npm-qunar/asn1/-/asn1-0.2.3.tgz#dac8787713c9966849fc8180777ebe9c1ddf3b86"

assert-plus@1.0.0, assert-plus@^1.0.0:
  version "1.0.0"
  resolved "https://repo.corp.qunar.com/artifactory/api/npm/npm-qunar/assert-plus/-/assert-plus-1.0.0.tgz#f12e0f3c5d77b0b1cdd9146942e4e96c1e4dd525"

assert-plus@^0.2.0:
  version "0.2.0"
  resolved "https://repo.corp.qunar.com/artifactory/api/npm/npm-qunar/assert-plus/-/assert-plus-0.2.0.tgz#d74e1b87e7affc0db8aadb7021f3fe48101ab234"

asynckit@^0.4.0:
  version "0.4.0"
  resolved "https://repo.corp.qunar.com/artifactory/api/npm/npm-qunar/asynckit/-/asynckit-0.4.0.tgz#c79ed97f7f34cb8f2ba1bc9790bcc366474b4b79"

aws-sign2@~0.6.0:
  version "0.6.0"
  resolved "https://repo.corp.qunar.com/artifactory/api/npm/npm-qunar/aws-sign2/-/aws-sign2-0.6.0.tgz#14342dd38dbcc94d0e5b87d763cd63612c0e794f"

aws4@^1.2.1:
  version "1.6.0"
  resolved "https://repo.corp.qunar.com/artifactory/api/npm/npm-qunar/aws4/-/aws4-1.6.0.tgz#83ef5ca860b2b32e4a0deedee8c771b9db57471e"

bcrypt-pbkdf@^1.0.0:
  version "1.0.1"
  resolved "https://repo.corp.qunar.com/artifactory/api/npm/npm-qunar/bcrypt-pbkdf/-/bcrypt-pbkdf-1.0.1.tgz#63bc5dcb61331b92bc05fd528953c33462a06f8d"
  dependencies:
    tweetnacl "^0.14.3"

body-parser@^1.17.2:
  version "1.17.2"
  resolved "https://repo.corp.qunar.com/artifactory/api/npm/npm-qunar/body-parser/-/body-parser-1.17.2.tgz#f8892abc8f9e627d42aedafbca66bf5ab99104ee"
  dependencies:
    bytes "2.4.0"
    content-type "~1.0.2"
    debug "2.6.7"
    depd "~1.1.0"
    http-errors "~1.6.1"
    iconv-lite "0.4.15"
    on-finished "~2.3.0"
    qs "6.4.0"
    raw-body "~2.2.0"
    type-is "~1.6.15"

boom@2.x.x:
  version "2.10.1"
  resolved "https://repo.corp.qunar.com/artifactory/api/npm/npm-qunar/boom/-/boom-2.10.1.tgz#39c8918ceff5799f83f9492a848f625add0c766f"
  dependencies:
    hoek "2.x.x"

bytes@2.4.0:
  version "2.4.0"
  resolved "https://repo.corp.qunar.com/artifactory/api/npm/npm-qunar/bytes/-/bytes-2.4.0.tgz#7d97196f9d5baf7f6935e25985549edd2a6c2339"

caseless@~0.12.0:
  version "0.12.0"
  resolved "https://repo.corp.qunar.com/artifactory/api/npm/npm-qunar/caseless/-/caseless-0.12.0.tgz#1b681c21ff84033c826543090689420d187151dc"

co@^4.6.0:
  version "4.6.0"
  resolved "https://repo.corp.qunar.com/artifactory/api/npm/npm-qunar/co/-/co-4.6.0.tgz#6ea6bdf3d853ae54ccb8e47bfa0bf3f9031fb184"

coffee-script@^1.12.5:
  version "1.12.6"
  resolved "http://registry.npm.corp.qunar.com/coffee-script/download/coffee-script-1.12.6.tgz#285a3f7115689065064d6bf9ef4572db66695cbf"

combined-stream@^1.0.5, combined-stream@~1.0.5:
  version "1.0.5"
  resolved "https://repo.corp.qunar.com/artifactory/api/npm/npm-qunar/combined-stream/-/combined-stream-1.0.5.tgz#938370a57b4a51dea2c77c15d5c5fdf895164009"
  dependencies:
    delayed-stream "~1.0.0"

commander@*:
  version "2.9.0"
  resolved "http://registry.npm.corp.qunar.com/commander/download/commander-2.9.0.tgz#9c99094176e12240cb22d6c5146098400fe0f7d4"
  dependencies:
    graceful-readlink ">= 1.0.0"

connect-query@^1.0.0:
  version "1.0.0"
  resolved "https://repo.corp.qunar.com/artifactory/api/npm/npm-qunar/connect-query/-/connect-query-1.0.0.tgz#de44f577209da2404d1fc04692d1a4118e582119"
  dependencies:
    qs "~6.4.0"

content-type@~1.0.2:
  version "1.0.2"
  resolved "https://repo.corp.qunar.com/artifactory/api/npm/npm-qunar/content-type/-/content-type-1.0.2.tgz#b7d113aee7a8dd27bd21133c4dc2529df1721eed"

cookie-parser@^1.4.3:
  version "1.4.3"
  resolved "https://repo.corp.qunar.com/artifactory/api/npm/npm-qunar/cookie-parser/-/cookie-parser-1.4.3.tgz#0fe31fa19d000b95f4aadf1f53fdc2b8a203baa5"
  dependencies:
    cookie "0.3.1"
    cookie-signature "1.0.6"

cookie-signature@1.0.6:
  version "1.0.6"
  resolved "https://repo.corp.qunar.com/artifactory/api/npm/npm-qunar/cookie-signature/-/cookie-signature-1.0.6.tgz#e303a882b342cc3ee8ca513a79999734dab3ae2c"

cookie@0.3.1:
  version "0.3.1"
  resolved "https://repo.corp.qunar.com/artifactory/api/npm/npm-qunar/cookie/-/cookie-0.3.1.tgz#e7e0a1f9ef43b4c8ba925c5c5a96e806d16873bb"

core-util-is@1.0.2:
  version "1.0.2"
  resolved "https://repo.corp.qunar.com/artifactory/api/npm/npm-qunar/core-util-is/-/core-util-is-1.0.2.tgz#b5fd54220aa2bc5ab57aab7140c940754503c1a7"

cryptiles@2.x.x:
  version "2.0.5"
  resolved "https://repo.corp.qunar.com/artifactory/api/npm/npm-qunar/cryptiles/-/cryptiles-2.0.5.tgz#3bdfecdc608147c1c67202fa291e7dca59eaa3b8"
  dependencies:
    boom "2.x.x"

csextends@^1.0.3:
  version "1.1.1"
  resolved "http://registry.npm.corp.qunar.com/csextends/download/csextends-1.1.1.tgz#cc53c1349faf7f0ae6cdf6f6c4a4d9156d3c4ec1"
  dependencies:
    coffee-script "^1.12.5"

dashdash@^1.12.0:
  version "1.14.1"
  resolved "https://repo.corp.qunar.com/artifactory/api/npm/npm-qunar/dashdash/-/dashdash-1.14.1.tgz#853cfa0f7cbe2fed5de20326b8dd581035f6e2f0"
  dependencies:
    assert-plus "^1.0.0"

debug@2.6.7:
  version "2.6.7"
  resolved "https://repo.corp.qunar.com/artifactory/api/npm/npm-qunar/debug/-/debug-2.6.7.tgz#92bad1f6d05bbb6bba22cca88bcd0ec894c2861e"
  dependencies:
    ms "2.0.0"

delayed-stream@~1.0.0:
  version "1.0.0"
  resolved "https://repo.corp.qunar.com/artifactory/api/npm/npm-qunar/delayed-stream/-/delayed-stream-1.0.0.tgz#df3ae199acadfb7d440aaae0b29e2272b24ec619"

depd@1.1.0, depd@~1.1.0:
  version "1.1.0"
  resolved "https://repo.corp.qunar.com/artifactory/api/npm/npm-qunar/depd/-/depd-1.1.0.tgz#e1bd82c6aab6ced965b97b88b17ed3e528ca18c3"

eachr@^3.2.0:
  version "3.2.0"
  resolved "http://registry.npm.corp.qunar.com/eachr/download/eachr-3.2.0.tgz#2c35e43ea086516f7997cf80b7aa64d55a4a4484"
  dependencies:
    editions "^1.1.1"
    typechecker "^4.3.0"

ecc-jsbn@~0.1.1:
  version "0.1.1"
  resolved "https://repo.corp.qunar.com/artifactory/api/npm/npm-qunar/ecc-jsbn/-/ecc-jsbn-0.1.1.tgz#0fc73a9ed5f0d53c38193398523ef7e543777505"
  dependencies:
    jsbn "~0.1.0"

editions@^1.1.1, editions@^1.1.2, editions@^1.3.1, editions@^1.3.3:
  version "1.3.3"
  resolved "http://registry.npm.corp.qunar.com/editions/download/editions-1.3.3.tgz#0907101bdda20fac3cbe334c27cbd0688dc99a5b"

ee-first@1.1.1:
  version "1.1.1"
  resolved "https://repo.corp.qunar.com/artifactory/api/npm/npm-qunar/ee-first/-/ee-first-1.1.1.tgz#590c61156b0ae2f4f0255732a158b266bc56b21d"

extend@^3.0.1, extend@~3.0.0:
  version "3.0.1"
  resolved "https://repo.corp.qunar.com/artifactory/api/npm/npm-qunar/extend/-/extend-3.0.1.tgz#a755ea7bc1adfcc5a31ce7e762dbaadc5e636444"

extendr@^3.2.0, extendr@^3.2.2:
  version "3.2.2"
  resolved "http://registry.npm.corp.qunar.com/extendr/download/extendr-3.2.2.tgz#c6e46fe6d90b2e3e8812a6654bd6182cbf91cd06"
  dependencies:
    editions "^1.1.2"
    typechecker "^4.3.0"

extsprintf@1.3.0, extsprintf@^1.2.0:
  version "1.3.0"
  resolved "https://repo.corp.qunar.com/artifactory/api/npm/npm-qunar/extsprintf/-/extsprintf-1.3.0.tgz#96918440e3041a7a414f8c52e3c574eb3c3e1e05"

forever-agent@~0.6.1:
  version "0.6.1"
  resolved "https://repo.corp.qunar.com/artifactory/api/npm/npm-qunar/forever-agent/-/forever-agent-0.6.1.tgz#fbc71f0c41adeb37f96c577ad1ed42d8fdacca91"

form-data@~2.1.1:
  version "2.1.4"
  resolved "https://repo.corp.qunar.com/artifactory/api/npm/npm-qunar/form-data/-/form-data-2.1.4.tgz#33c183acf193276ecaa98143a69e94bfee1750d1"
  dependencies:
    asynckit "^0.4.0"
    combined-stream "^1.0.5"
    mime-types "^2.1.12"

getpass@^0.1.1:
  version "0.1.7"
  resolved "https://repo.corp.qunar.com/artifactory/api/npm/npm-qunar/getpass/-/getpass-0.1.7.tgz#5eff8e3e684d569ae4cb2b1282604e8ba62149fa"
  dependencies:
    assert-plus "^1.0.0"

graceful-fs@*, graceful-fs@^4.1.4:
  version "4.1.11"
  resolved "http://registry.npm.corp.qunar.com/graceful-fs/download/graceful-fs-4.1.11.tgz#0e8bdfe4d1ddb8854d64e04ea7c00e2a026e5658"

"graceful-readlink@>= 1.0.0":
  version "1.0.1"
  resolved "http://registry.npm.corp.qunar.com/graceful-readlink/download/graceful-readlink-1.0.1.tgz#4cafad76bc62f02fa039b2f94e9a3dd3a391a725"

har-schema@^1.0.5:
  version "1.0.5"
  resolved "https://repo.corp.qunar.com/artifactory/api/npm/npm-qunar/har-schema/-/har-schema-1.0.5.tgz#d263135f43307c02c602afc8fe95970c0151369e"

har-validator@~4.2.1:
  version "4.2.1"
  resolved "https://repo.corp.qunar.com/artifactory/api/npm/npm-qunar/har-validator/-/har-validator-4.2.1.tgz#33481d0f1bbff600dd203d75812a6a5fba002e2a"
  dependencies:
    ajv "^4.9.1"
    har-schema "^1.0.5"

hawk@~3.1.3:
  version "3.1.3"
  resolved "https://repo.corp.qunar.com/artifactory/api/npm/npm-qunar/hawk/-/hawk-3.1.3.tgz#078444bd7c1640b0fe540d2c9b73d59678e8e1c4"
  dependencies:
    boom "2.x.x"
    cryptiles "2.x.x"
    hoek "2.x.x"
    sntp "1.x.x"

hoek@2.x.x:
  version "2.16.3"
  resolved "https://repo.corp.qunar.com/artifactory/api/npm/npm-qunar/hoek/-/hoek-2.16.3.tgz#20bb7403d3cea398e91dc4710a8ff1b8274a25ed"

http-errors@~1.6.1:
  version "1.6.1"
  resolved "https://repo.corp.qunar.com/artifactory/api/npm/npm-qunar/http-errors/-/http-errors-1.6.1.tgz#5f8b8ed98aca545656bf572997387f904a722257"
  dependencies:
    depd "1.1.0"
    inherits "2.0.3"
    setprototypeof "1.0.3"
    statuses ">= 1.3.1 < 2"

http-signature@~1.1.0:
  version "1.1.1"
  resolved "https://repo.corp.qunar.com/artifactory/api/npm/npm-qunar/http-signature/-/http-signature-1.1.1.tgz#df72e267066cd0ac67fb76adf8e134a8fbcf91bf"
  dependencies:
    assert-plus "^0.2.0"
    jsprim "^1.2.2"
    sshpk "^1.7.0"

iconv-lite@0.4.15:
  version "0.4.15"
  resolved "https://repo.corp.qunar.com/artifactory/api/npm/npm-qunar/iconv-lite/-/iconv-lite-0.4.15.tgz#fe265a218ac6a57cfe854927e9d04c19825eddeb"

ignorefs@^1.0.0, ignorefs@^1.1.1:
  version "1.2.0"
  resolved "http://registry.npm.corp.qunar.com/ignorefs/download/ignorefs-1.2.0.tgz#da59fb858976e4a5e43702ccd1f282fdbc9e5756"
  dependencies:
    editions "^1.3.3"
    ignorepatterns "^1.1.0"

ignorepatterns@^1.1.0:
  version "1.1.0"
  resolved "http://registry.npm.corp.qunar.com/ignorepatterns/download/ignorepatterns-1.1.0.tgz#ac8f436f2239b5dfb66d5f0d3a904a87ac67cc5e"

inherits@2.0.3:
  version "2.0.3"
  resolved "https://repo.corp.qunar.com/artifactory/api/npm/npm-qunar/inherits/-/inherits-2.0.3.tgz#633c2c83e3da42a502f52466022480f4208261de"

is-typedarray@~1.0.0:
  version "1.0.0"
  resolved "https://repo.corp.qunar.com/artifactory/api/npm/npm-qunar/is-typedarray/-/is-typedarray-1.0.0.tgz#e479c80858df0c1b11ddda6940f96011fcda4a9a"

isstream@~0.1.2:
  version "0.1.2"
  resolved "https://repo.corp.qunar.com/artifactory/api/npm/npm-qunar/isstream/-/isstream-0.1.2.tgz#47e63f7af55afa6f92e1500e690eb8b8529c099a"

jsbn@~0.1.0:
  version "0.1.1"
  resolved "https://repo.corp.qunar.com/artifactory/api/npm/npm-qunar/jsbn/-/jsbn-0.1.1.tgz#a5e654c2e5a2deb5f201d96cefbca80c0ef2f513"

json-schema@0.2.3:
  version "0.2.3"
  resolved "https://repo.corp.qunar.com/artifactory/api/npm/npm-qunar/json-schema/-/json-schema-0.2.3.tgz#b480c892e59a2f05954ce727bd3f2a4e882f9e13"

json-stable-stringify@^1.0.1:
  version "1.0.1"
  resolved "https://repo.corp.qunar.com/artifactory/api/npm/npm-qunar/json-stable-stringify/-/json-stable-stringify-1.0.1.tgz#9a759d39c5f2ff503fd5300646ed445f88c4f9af"
  dependencies:
    jsonify "~0.0.0"

json-stringify-safe@~5.0.1:
  version "5.0.1"
  resolved "https://repo.corp.qunar.com/artifactory/api/npm/npm-qunar/json-stringify-safe/-/json-stringify-safe-5.0.1.tgz#1296a2d58fd45f19a0f6ce01d65701e2c735b6eb"

jsonify@~0.0.0:
  version "0.0.0"
  resolved "https://repo.corp.qunar.com/artifactory/api/npm/npm-qunar/jsonify/-/jsonify-0.0.0.tgz#2c74b6ee41d93ca51b7b5aaee8f503631d252a73"

jsprim@^1.2.2:
  version "1.4.1"
  resolved "https://repo.corp.qunar.com/artifactory/api/npm/npm-qunar/jsprim/-/jsprim-1.4.1.tgz#313e66bc1e5cc06e438bc1b7499c2e5c56acb6a2"
  dependencies:
    assert-plus "1.0.0"
    extsprintf "1.3.0"
    json-schema "0.2.3"
    verror "1.10.0"

media-typer@0.3.0:
  version "0.3.0"
  resolved "https://repo.corp.qunar.com/artifactory/api/npm/npm-qunar/media-typer/-/media-typer-0.3.0.tgz#8710d7af0aa626f8fffa1ce00168545263255748"

mime-db@~1.29.0:
  version "1.29.0"
  resolved "https://repo.corp.qunar.com/artifactory/api/npm/npm-qunar/mime-db/-/mime-db-1.29.0.tgz#48d26d235589651704ac5916ca06001914266878"

mime-db@~1.30.0:
  version "1.30.0"
  resolved "https://repo.corp.qunar.com/artifactory/api/npm/npm-qunar/mime-db/-/mime-db-1.30.0.tgz#74c643da2dd9d6a45399963465b26d5ca7d71f01"

mime-types@^2.1.12, mime-types@~2.1.7:
  version "2.1.17"
  resolved "https://repo.corp.qunar.com/artifactory/api/npm/npm-qunar/mime-types/-/mime-types-2.1.17.tgz#09d7a393f03e995a79f8af857b70a9e0ab16557a"
  dependencies:
    mime-db "~1.30.0"

mime-types@~2.1.15:
  version "2.1.16"
  resolved "https://repo.corp.qunar.com/artifactory/api/npm/npm-qunar/mime-types/-/mime-types-2.1.16.tgz#2b858a52e5ecd516db897ac2be87487830698e23"
  dependencies:
    mime-db "~1.29.0"

mockjs@^1.0.1-beta3:
  version "1.0.1-beta3"
  resolved "http://registry.npm.corp.qunar.com/mockjs/download/mockjs-1.0.1-beta3.tgz#d234f3c27256397564f2c955142e891909537209"
  dependencies:
    commander "*"

ms@2.0.0:
  version "2.0.0"
  resolved "https://repo.corp.qunar.com/artifactory/api/npm/npm-qunar/ms/-/ms-2.0.0.tgz#5608aeadfc00be6c2901df5f9861788de0d597c8"

oauth-sign@~0.8.1:
  version "0.8.2"
  resolved "https://repo.corp.qunar.com/artifactory/api/npm/npm-qunar/oauth-sign/-/oauth-sign-0.8.2.tgz#46a6ab7f0aead8deae9ec0565780b7d4efeb9d43"

on-finished@~2.3.0:
  version "2.3.0"
  resolved "https://repo.corp.qunar.com/artifactory/api/npm/npm-qunar/on-finished/-/on-finished-2.3.0.tgz#20f1336481b083cd75337992a16971aa2d906947"
  dependencies:
    ee-first "1.1.1"

performance-now@^0.2.0:
  version "0.2.0"
  resolved "https://repo.corp.qunar.com/artifactory/api/npm/npm-qunar/performance-now/-/performance-now-0.2.0.tgz#33ef30c5c77d4ea21c5a53869d91b56d8f2555e5"

punycode@^1.4.1:
  version "1.4.1"
  resolved "https://repo.corp.qunar.com/artifactory/api/npm/npm-qunar/punycode/-/punycode-1.4.1.tgz#c0d5a63b2718800ad8e1eb0fa5269c84dd41845e"

qs@6.4.0, qs@~6.4.0:
  version "6.4.0"
  resolved "https://repo.corp.qunar.com/artifactory/api/npm/npm-qunar/qs/-/qs-6.4.0.tgz#13e26d28ad6b0ffaa91312cd3bf708ed351e7233"

raw-body@~2.2.0:
  version "2.2.0"
  resolved "https://repo.corp.qunar.com/artifactory/api/npm/npm-qunar/raw-body/-/raw-body-2.2.0.tgz#994976cf6a5096a41162840492f0bdc5d6e7fb96"
  dependencies:
    bytes "2.4.0"
    iconv-lite "0.4.15"
    unpipe "1.0.0"

request@^2.81.0:
  version "2.81.0"
  resolved "https://repo.corp.qunar.com/artifactory/api/npm/npm-qunar/request/-/request-2.81.0.tgz#c6928946a0e06c5f8d6f8a9333469ffda46298a0"
  dependencies:
    aws-sign2 "~0.6.0"
    aws4 "^1.2.1"
    caseless "~0.12.0"
    combined-stream "~1.0.5"
    extend "~3.0.0"
    forever-agent "~0.6.1"
    form-data "~2.1.1"
    har-validator "~4.2.1"
    hawk "~3.1.3"
    http-signature "~1.1.0"
    is-typedarray "~1.0.0"
    isstream "~0.1.2"
    json-stringify-safe "~5.0.1"
    mime-types "~2.1.7"
    oauth-sign "~0.8.1"
    performance-now "^0.2.0"
    qs "~6.4.0"
    safe-buffer "^5.0.1"
    stringstream "~0.0.4"
    tough-cookie "~2.3.0"
    tunnel-agent "^0.6.0"
    uuid "^3.0.0"

safe-buffer@^5.0.1:
  version "5.1.1"
  resolved "https://repo.corp.qunar.com/artifactory/api/npm/npm-qunar/safe-buffer/-/safe-buffer-5.1.1.tgz#893312af69b2123def71f57889001671eeb2c853"

safefs@^3.1.2:
  version "3.2.2"
  resolved "http://registry.npm.corp.qunar.com/safefs/download/safefs-3.2.2.tgz#8170c1444d7038e08caea05a374fae2fa349e15c"
  dependencies:
    graceful-fs "*"

safefs@^4.1.0:
  version "4.1.0"
  resolved "http://registry.npm.corp.qunar.com/safefs/download/safefs-4.1.0.tgz#f82aeb4bdd7ae51f653eb20f6728b3058c8d6445"
  dependencies:
    editions "^1.1.1"
    graceful-fs "^4.1.4"

scandirectory@^2.5.0:
  version "2.5.0"
  resolved "http://registry.npm.corp.qunar.com/scandirectory/download/scandirectory-2.5.0.tgz#6ce03f54a090b668e3cbedbf20edf9e310593e72"
  dependencies:
    ignorefs "^1.0.0"
    safefs "^3.1.2"
    taskgroup "^4.0.5"

semver-compare@^1.0.0:
  version "1.0.0"
  resolved "http://registry.npm.corp.qunar.com/semver-compare/download/semver-compare-1.0.0.tgz#0dee216a1c941ab37e9efb1788f6afc5ff5537fc"

setprototypeof@1.0.3:
  version "1.0.3"
  resolved "https://repo.corp.qunar.com/artifactory/api/npm/npm-qunar/setprototypeof/-/setprototypeof-1.0.3.tgz#66567e37043eeb4f04d91bd658c0cbefb55b8e04"

sntp@1.x.x:
  version "1.0.9"
  resolved "https://repo.corp.qunar.com/artifactory/api/npm/npm-qunar/sntp/-/sntp-1.0.9.tgz#6541184cc90aeea6c6e7b35e2659082443c66198"
  dependencies:
    hoek "2.x.x"

sshpk@^1.7.0:
  version "1.13.1"
  resolved "https://repo.corp.qunar.com/artifactory/api/npm/npm-qunar/sshpk/-/sshpk-1.13.1.tgz#512df6da6287144316dc4c18fe1cf1d940739be3"
  dependencies:
    asn1 "~0.2.3"
    assert-plus "^1.0.0"
    dashdash "^1.12.0"
    getpass "^0.1.1"
  optionalDependencies:
    bcrypt-pbkdf "^1.0.0"
    ecc-jsbn "~0.1.1"
    jsbn "~0.1.0"
    tweetnacl "~0.14.0"

"statuses@>= 1.3.1 < 2":
  version "1.3.1"
  resolved "https://repo.corp.qunar.com/artifactory/api/npm/npm-qunar/statuses/-/statuses-1.3.1.tgz#faf51b9eb74aaef3b3acf4ad5f61abf24cb7b93e"

stringstream@~0.0.4:
  version "0.0.5"
  resolved "https://repo.corp.qunar.com/artifactory/api/npm/npm-qunar/stringstream/-/stringstream-0.0.5.tgz#4e484cd4de5a0bbbee18e46307710a8a81621878"

taskgroup@^4.0.5:
  version "4.3.1"
  resolved "http://registry.npm.corp.qunar.com/taskgroup/download/taskgroup-4.3.1.tgz#7de193febd768273c457730497024d512c27915a"
  dependencies:
    ambi "^2.2.0"
    csextends "^1.0.3"

taskgroup@^5.0.1:
  version "5.0.1"
  resolved "http://registry.npm.corp.qunar.com/taskgroup/download/taskgroup-5.0.1.tgz#08736c9b24683b1434774231eb4b73aa7c3f79b5"
  dependencies:
    ambi "^2.5.0"
    eachr "^3.2.0"
    editions "^1.1.1"
    extendr "^3.2.0"

tough-cookie@~2.3.0:
  version "2.3.2"
  resolved "https://repo.corp.qunar.com/artifactory/api/npm/npm-qunar/tough-cookie/-/tough-cookie-2.3.2.tgz#f081f76e4c85720e6c37a5faced737150d84072a"
  dependencies:
    punycode "^1.4.1"

tunnel-agent@^0.6.0:
  version "0.6.0"
  resolved "https://repo.corp.qunar.com/artifactory/api/npm/npm-qunar/tunnel-agent/-/tunnel-agent-0.6.0.tgz#27a5dea06b36b04a0a9966774b290868f0fc40fd"
  dependencies:
    safe-buffer "^5.0.1"

tweetnacl@^0.14.3, tweetnacl@~0.14.0:
  version "0.14.5"
  resolved "https://repo.corp.qunar.com/artifactory/api/npm/npm-qunar/tweetnacl/-/tweetnacl-0.14.5.tgz#5ae68177f192d4456269d108afa93ff8743f4f64"

type-is@~1.6.15:
  version "1.6.15"
  resolved "https://repo.corp.qunar.com/artifactory/api/npm/npm-qunar/type-is/-/type-is-1.6.15.tgz#cab10fb4909e441c82842eafe1ad646c81804410"
  dependencies:
    media-typer "0.3.0"
    mime-types "~2.1.15"

typechecker@^4.3.0:
  version "4.4.1"
  resolved "http://registry.npm.corp.qunar.com/typechecker/download/typechecker-4.4.1.tgz#f97b95f51b038417212d677d45a373ee7bced7e6"
  dependencies:
    editions "^1.3.3"

unpipe@1.0.0:
  version "1.0.0"
  resolved "https://repo.corp.qunar.com/artifactory/api/npm/npm-qunar/unpipe/-/unpipe-1.0.0.tgz#b2bf4ee8514aae6165b4817829d21b2ef49904ec"

uuid@^3.0.0:
  version "3.1.0"
  resolved "https://repo.corp.qunar.com/artifactory/api/npm/npm-qunar/uuid/-/uuid-3.1.0.tgz#3dd3d3e790abc24d7b0d3a034ffababe28ebbc04"

valid-url@^1.0.9:
  version "1.0.9"
  resolved "https://repo.corp.qunar.com/artifactory/api/npm/npm-qunar/valid-url/-/valid-url-1.0.9.tgz#1c14479b40f1397a75782f115e4086447433a200"

verror@1.10.0:
  version "1.10.0"
  resolved "https://repo.corp.qunar.com/artifactory/api/npm/npm-qunar/verror/-/verror-1.10.0.tgz#3a105ca17053af55d6e270c1f8288682e18da400"
  dependencies:
    assert-plus "^1.0.0"
    core-util-is "1.0.2"
    extsprintf "^1.2.0"

watchr@^3.0.1:
  version "3.0.1"
  resolved "http://registry.npm.corp.qunar.com/watchr/download/watchr-3.0.1.tgz#3b7e078160d12484481d81a8640d5fd880408540"
  dependencies:
    eachr "^3.2.0"
    editions "^1.3.1"
    extendr "^3.2.2"
    ignorefs "^1.1.1"
    safefs "^4.1.0"
    scandirectory "^2.5.0"
    taskgroup "^5.0.1"
